Microsoft Visual Studio Solution File, Format Version 12.00
# Visual Studio 2012
Project("{FAE04EC0-301F-11D3-BF4B-00C04F79EFBC}") = "Pirate Jam 14", "Pirate Jam 14.csproj", "{AB6CCE8D-9089-4859-9AAE-E11A5E8C1AFD}"
EndProject
Global
	GlobalSection(SolutionConfigurationPlatforms) = preSolution
	Debug|Any CPU = Debug|Any CPU
	ExportDebug|Any CPU = ExportDebug|Any CPU
	ExportRelease|Any CPU = ExportRelease|Any CPU
	EndGlobalSection
	GlobalSection(ProjectConfigurationPlatforms) = postSolution
		{AB6CCE8D-9089-4859-9AAE-E11A5E8C1AFD}.Debug|Any CPU.ActiveCfg = Debug|Any CPU
		{AB6CCE8D-9089-4859-9AAE-E11A5E8C1AFD}.Debug|Any CPU.Build.0 = Debug|Any CPU
		{AB6CCE8D-9089-4859-9AAE-E11A5E8C1AFD}.ExportDebug|Any CPU.ActiveCfg = ExportDebug|Any CPU
		{AB6CCE8D-9089-4859-9AAE-E11A5E8C1AFD}.ExportDebug|Any CPU.Build.0 = ExportDebug|Any CPU
		{AB6CCE8D-9089-4859-9AAE-E11A5E8C1AFD}.ExportRelease|Any CPU.ActiveCfg = ExportRelease|Any CPU
		{AB6CCE8D-9089-4859-9AAE-E11A5E8C1AFD}.ExportRelease|Any CPU.Build.0 = ExportRelease|Any CPU
	EndGlobalSection
EndGlobal
